// !$*UTF8*$!
{
	archiveVersion = 1;
	classes = {
	};
	objectVersion = 56;
	objects = {

/* Begin PBXBuildFile section */
		DD0073D82B79342B00986697 /* ChartData.swift in Sources */ = {isa = PBXBuildFile; fileRef = DD0073D72B79342B00986697 /* ChartData.swift */; };
		DD2206B32B7FFD45002FD181 /* WeightTracker_Tests.swift in Sources */ = {isa = PBXBuildFile; fileRef = DD2206B22B7FFD45002FD181 /* WeightTracker_Tests.swift */; };
		DD2206BA2B7FFDFF002FD181 /* WeightDataHandler_Tests.swift in Sources */ = {isa = PBXBuildFile; fileRef = DD2206B92B7FFDFF002FD181 /* WeightDataHandler_Tests.swift */; };
		DD2206BC2B800397002FD181 /* HealthManager.swift in Sources */ = {isa = PBXBuildFile; fileRef = DD2206BB2B800397002FD181 /* HealthManager.swift */; };
		DD2206BF2B8103D4002FD181 /* LoadingView.swift in Sources */ = {isa = PBXBuildFile; fileRef = DD2206BE2B8103D4002FD181 /* LoadingView.swift */; };
		DD2206C12B8116C2002FD181 /* HealthManager_Tests.swift in Sources */ = {isa = PBXBuildFile; fileRef = DD2206C02B8116C2002FD181 /* HealthManager_Tests.swift */; };
		DD2206C32B814AA8002FD181 /* Extensions.swift in Sources */ = {isa = PBXBuildFile; fileRef = DD2206C22B814AA8002FD181 /* Extensions.swift */; };
		DD2206CB2B814D23002FD181 /* WeightTracker_UITests.swift in Sources */ = {isa = PBXBuildFile; fileRef = DD2206CA2B814D23002FD181 /* WeightTracker_UITests.swift */; };
		DD2206CD2B814D23002FD181 /* WeightTracker_UITestsLaunchTests.swift in Sources */ = {isa = PBXBuildFile; fileRef = DD2206CC2B814D23002FD181 /* WeightTracker_UITestsLaunchTests.swift */; };
		DD2206D62B814DF8002FD181 /* ContentView_UITests.swift in Sources */ = {isa = PBXBuildFile; fileRef = DD2206D52B814DF8002FD181 /* ContentView_UITests.swift */; };
		DD2206D82B8155C0002FD181 /* CustomDurationChart_UITests.swift in Sources */ = {isa = PBXBuildFile; fileRef = DD2206D72B8155C0002FD181 /* CustomDurationChart_UITests.swift */; };
		DD2206DA2B822E67002FD181 /* ChartView_UITests.swift in Sources */ = {isa = PBXBuildFile; fileRef = DD2206D92B822E67002FD181 /* ChartView_UITests.swift */; };
		DD9595D52B6E473C00823659 /* LastThreeMonthsChartView.swift in Sources */ = {isa = PBXBuildFile; fileRef = DD9595D42B6E473C00823659 /* LastThreeMonthsChartView.swift */; };
		DD9595D92B6E4E8200823659 /* CustomDurationChartView.swift in Sources */ = {isa = PBXBuildFile; fileRef = DD9595D82B6E4E8200823659 /* CustomDurationChartView.swift */; };
		DDA76F602B657F65000EDFC0 /* WeightTrackerApp.swift in Sources */ = {isa = PBXBuildFile; fileRef = DDA76F5F2B657F65000EDFC0 /* WeightTrackerApp.swift */; };
		DDA76F622B657F65000EDFC0 /* ContentView.swift in Sources */ = {isa = PBXBuildFile; fileRef = DDA76F612B657F65000EDFC0 /* ContentView.swift */; };
		DDA76F642B657F67000EDFC0 /* Assets.xcassets in Resources */ = {isa = PBXBuildFile; fileRef = DDA76F632B657F67000EDFC0 /* Assets.xcassets */; };
		DDA76F672B657F67000EDFC0 /* Preview Assets.xcassets in Resources */ = {isa = PBXBuildFile; fileRef = DDA76F662B657F67000EDFC0 /* Preview Assets.xcassets */; };
		DDA76F8A2B65ADA0000EDFC0 /* WeightData.swift in Sources */ = {isa = PBXBuildFile; fileRef = DDA76F892B65ADA0000EDFC0 /* WeightData.swift */; };
		DDA76F8F2B65AF14000EDFC0 /* WeightDataHandler.swift in Sources */ = {isa = PBXBuildFile; fileRef = DDA76F8E2B65AF14000EDFC0 /* WeightDataHandler.swift */; };
		DDA76F952B65B20B000EDFC0 /* ChartView.swift in Sources */ = {isa = PBXBuildFile; fileRef = DDA76F942B65B20B000EDFC0 /* ChartView.swift */; };
		DDA76F972B66BE45000EDFC0 /* DateFormatterHandler.swift in Sources */ = {isa = PBXBuildFile; fileRef = DDA76F962B66BE45000EDFC0 /* DateFormatterHandler.swift */; };
		DDA76F992B66DA1C000EDFC0 /* GoalWeightView.swift in Sources */ = {isa = PBXBuildFile; fileRef = DDA76F982B66DA1C000EDFC0 /* GoalWeightView.swift */; };
		DDE3110E2B6EC0F000880460 /* DurationDialogView.swift in Sources */ = {isa = PBXBuildFile; fileRef = DDE3110D2B6EC0F000880460 /* DurationDialogView.swift */; };
/* End PBXBuildFile section */

/* Begin PBXContainerItemProxy section */
		DD2206B42B7FFD45002FD181 /* PBXContainerItemProxy */ = {
			isa = PBXContainerItemProxy;
			containerPortal = DDA76F542B657F65000EDFC0 /* Project object */;
			proxyType = 1;
			remoteGlobalIDString = DDA76F5B2B657F65000EDFC0;
			remoteInfo = WeightTracker;
		};
		DD2206CE2B814D23002FD181 /* PBXContainerItemProxy */ = {
			isa = PBXContainerItemProxy;
			containerPortal = DDA76F542B657F65000EDFC0 /* Project object */;
			proxyType = 1;
			remoteGlobalIDString = DDA76F5B2B657F65000EDFC0;
			remoteInfo = WeightTracker;
		};
/* End PBXContainerItemProxy section */

/* Begin PBXFileReference section */
		DD0073D72B79342B00986697 /* ChartData.swift */ = {isa = PBXFileReference; lastKnownFileType = sourcecode.swift; path = ChartData.swift; sourceTree = "<group>"; };
		DD2206B02B7FFD45002FD181 /* WeightTracker_Tests.xctest */ = {isa = PBXFileReference; explicitFileType = wrapper.cfbundle; includeInIndex = 0; path = WeightTracker_Tests.xctest; sourceTree = BUILT_PRODUCTS_DIR; };
		DD2206B22B7FFD45002FD181 /* WeightTracker_Tests.swift */ = {isa = PBXFileReference; lastKnownFileType = sourcecode.swift; path = WeightTracker_Tests.swift; sourceTree = "<group>"; };
		DD2206B92B7FFDFF002FD181 /* WeightDataHandler_Tests.swift */ = {isa = PBXFileReference; lastKnownFileType = sourcecode.swift; path = WeightDataHandler_Tests.swift; sourceTree = "<group>"; };
		DD2206BB2B800397002FD181 /* HealthManager.swift */ = {isa = PBXFileReference; lastKnownFileType = sourcecode.swift; path = HealthManager.swift; sourceTree = "<group>"; };
		DD2206BD2B80058C002FD181 /* WeightTracker.entitlements */ = {isa = PBXFileReference; lastKnownFileType = text.plist.entitlements; path = WeightTracker.entitlements; sourceTree = "<group>"; };
		DD2206BE2B8103D4002FD181 /* LoadingView.swift */ = {isa = PBXFileReference; lastKnownFileType = sourcecode.swift; path = LoadingView.swift; sourceTree = "<group>"; };
		DD2206C02B8116C2002FD181 /* HealthManager_Tests.swift */ = {isa = PBXFileReference; lastKnownFileType = sourcecode.swift; path = HealthManager_Tests.swift; sourceTree = "<group>"; };
		DD2206C22B814AA8002FD181 /* Extensions.swift */ = {isa = PBXFileReference; lastKnownFileType = sourcecode.swift; path = Extensions.swift; sourceTree = "<group>"; };
		DD2206C82B814D23002FD181 /* WeightTracker_UITests.xctest */ = {isa = PBXFileReference; explicitFileType = wrapper.cfbundle; includeInIndex = 0; path = WeightTracker_UITests.xctest; sourceTree = BUILT_PRODUCTS_DIR; };
		DD2206CA2B814D23002FD181 /* WeightTracker_UITests.swift */ = {isa = PBXFileReference; lastKnownFileType = sourcecode.swift; path = WeightTracker_UITests.swift; sourceTree = "<group>"; };
		DD2206CC2B814D23002FD181 /* WeightTracker_UITestsLaunchTests.swift */ = {isa = PBXFileReference; lastKnownFileType = sourcecode.swift; path = WeightTracker_UITestsLaunchTests.swift; sourceTree = "<group>"; };
		DD2206D52B814DF8002FD181 /* ContentView_UITests.swift */ = {isa = PBXFileReference; lastKnownFileType = sourcecode.swift; path = ContentView_UITests.swift; sourceTree = "<group>"; };
		DD2206D72B8155C0002FD181 /* CustomDurationChart_UITests.swift */ = {isa = PBXFileReference; lastKnownFileType = sourcecode.swift; path = CustomDurationChart_UITests.swift; sourceTree = "<group>"; };
		DD2206D92B822E67002FD181 /* ChartView_UITests.swift */ = {isa = PBXFileReference; lastKnownFileType = sourcecode.swift; path = ChartView_UITests.swift; sourceTree = "<group>"; };
		DD9595D42B6E473C00823659 /* LastThreeMonthsChartView.swift */ = {isa = PBXFileReference; lastKnownFileType = sourcecode.swift; path = LastThreeMonthsChartView.swift; sourceTree = "<group>"; };
		DD9595D82B6E4E8200823659 /* CustomDurationChartView.swift */ = {isa = PBXFileReference; lastKnownFileType = sourcecode.swift; path = CustomDurationChartView.swift; sourceTree = "<group>"; };
		DDA76F5C2B657F65000EDFC0 /* WeightTracker.app */ = {isa = PBXFileReference; explicitFileType = wrapper.application; includeInIndex = 0; path = WeightTracker.app; sourceTree = BUILT_PRODUCTS_DIR; };
		DDA76F5F2B657F65000EDFC0 /* WeightTrackerApp.swift */ = {isa = PBXFileReference; lastKnownFileType = sourcecode.swift; name = WeightTrackerApp.swift; path = WeightTracker/WeightTrackerApp.swift; sourceTree = SOURCE_ROOT; };
		DDA76F612B657F65000EDFC0 /* ContentView.swift */ = {isa = PBXFileReference; lastKnownFileType = sourcecode.swift; name = ContentView.swift; path = WeightTracker/View/MainScreen/ContentView.swift; sourceTree = SOURCE_ROOT; };
		DDA76F632B657F67000EDFC0 /* Assets.xcassets */ = {isa = PBXFileReference; lastKnownFileType = folder.assetcatalog; path = Assets.xcassets; sourceTree = "<group>"; };
		DDA76F662B657F67000EDFC0 /* Preview Assets.xcassets */ = {isa = PBXFileReference; lastKnownFileType = folder.assetcatalog; path = "Preview Assets.xcassets"; sourceTree = "<group>"; };
		DDA76F892B65ADA0000EDFC0 /* WeightData.swift */ = {isa = PBXFileReference; lastKnownFileType = sourcecode.swift; name = WeightData.swift; path = WeightTracker/Model/WeightData.swift; sourceTree = SOURCE_ROOT; };
		DDA76F8E2B65AF14000EDFC0 /* WeightDataHandler.swift */ = {isa = PBXFileReference; lastKnownFileType = sourcecode.swift; name = WeightDataHandler.swift; path = WeightTracker/View/MainScreen/WeightDataHandler.swift; sourceTree = SOURCE_ROOT; };
		DDA76F942B65B20B000EDFC0 /* ChartView.swift */ = {isa = PBXFileReference; lastKnownFileType = sourcecode.swift; path = ChartView.swift; sourceTree = "<group>"; };
		DDA76F962B66BE45000EDFC0 /* DateFormatterHandler.swift */ = {isa = PBXFileReference; lastKnownFileType = sourcecode.swift; path = DateFormatterHandler.swift; sourceTree = "<group>"; };
		DDA76F982B66DA1C000EDFC0 /* GoalWeightView.swift */ = {isa = PBXFileReference; lastKnownFileType = sourcecode.swift; path = GoalWeightView.swift; sourceTree = "<group>"; };
		DDE3110D2B6EC0F000880460 /* DurationDialogView.swift */ = {isa = PBXFileReference; lastKnownFileType = sourcecode.swift; path = DurationDialogView.swift; sourceTree = "<group>"; };
/* End PBXFileReference section */

/* Begin PBXFrameworksBuildPhase section */
		DD2206AD2B7FFD45002FD181 /* Frameworks */ = {
			isa = PBXFrameworksBuildPhase;
			buildActionMask = 2147483647;
			files = (
			);
			runOnlyForDeploymentPostprocessing = 0;
		};
		DD2206C52B814D23002FD181 /* Frameworks */ = {
			isa = PBXFrameworksBuildPhase;
			buildActionMask = 2147483647;
			files = (
			);
			runOnlyForDeploymentPostprocessing = 0;
		};
		DDA76F592B657F65000EDFC0 /* Frameworks */ = {
			isa = PBXFrameworksBuildPhase;
			buildActionMask = 2147483647;
			files = (
			);
			runOnlyForDeploymentPostprocessing = 0;
		};
/* End PBXFrameworksBuildPhase section */

/* Begin PBXGroup section */
		DD2206B12B7FFD45002FD181 /* WeightTracker_Tests */ = {
			isa = PBXGroup;
			children = (
				DD2206B22B7FFD45002FD181 /* WeightTracker_Tests.swift */,
				DD2206B92B7FFDFF002FD181 /* WeightDataHandler_Tests.swift */,
				DD2206C02B8116C2002FD181 /* HealthManager_Tests.swift */,
			);
			path = WeightTracker_Tests;
			sourceTree = "<group>";
		};
		DD2206C92B814D23002FD181 /* WeightTracker_UITests */ = {
			isa = PBXGroup;
			children = (
				DD2206CA2B814D23002FD181 /* WeightTracker_UITests.swift */,
				DD2206CC2B814D23002FD181 /* WeightTracker_UITestsLaunchTests.swift */,
				DD2206D52B814DF8002FD181 /* ContentView_UITests.swift */,
				DD2206D92B822E67002FD181 /* ChartView_UITests.swift */,
				DD2206D72B8155C0002FD181 /* CustomDurationChart_UITests.swift */,
			);
			path = WeightTracker_UITests;
			sourceTree = "<group>";
		};
		DDA76F532B657F65000EDFC0 = {
			isa = PBXGroup;
			children = (
				DDA76F5E2B657F65000EDFC0 /* WeightTracker */,
				DDA76F632B657F67000EDFC0 /* Assets.xcassets */,
				DDA76F652B657F67000EDFC0 /* Preview Content */,
				DD2206B12B7FFD45002FD181 /* WeightTracker_Tests */,
				DD2206C92B814D23002FD181 /* WeightTracker_UITests */,
				DDA76F5D2B657F65000EDFC0 /* Products */,
			);
			sourceTree = "<group>";
		};
		DDA76F5D2B657F65000EDFC0 /* Products */ = {
			isa = PBXGroup;
			children = (
				DDA76F5C2B657F65000EDFC0 /* WeightTracker.app */,
				DD2206B02B7FFD45002FD181 /* WeightTracker_Tests.xctest */,
				DD2206C82B814D23002FD181 /* WeightTracker_UITests.xctest */,
			);
			name = Products;
			sourceTree = "<group>";
		};
		DDA76F5E2B657F65000EDFC0 /* WeightTracker */ = {
			isa = PBXGroup;
			children = (
				DD2206BD2B80058C002FD181 /* WeightTracker.entitlements */,
				DDA76F5F2B657F65000EDFC0 /* WeightTrackerApp.swift */,
				DDA76F8D2B65AEE4000EDFC0 /* Model */,
				DDA76F8C2B65AED2000EDFC0 /* View */,
			);
			path = WeightTracker;
			sourceTree = SOURCE_ROOT;
		};
		DDA76F652B657F67000EDFC0 /* Preview Content */ = {
			isa = PBXGroup;
			children = (
				DDA76F662B657F67000EDFC0 /* Preview Assets.xcassets */,
			);
			path = "Preview Content";
			sourceTree = "<group>";
		};
		DDA76F8C2B65AED2000EDFC0 /* View */ = {
			isa = PBXGroup;
			children = (
				DDA76F912B65AFA8000EDFC0 /* MainScreen */,
			);
			name = View;
			path = WeightTracker/View;
			sourceTree = SOURCE_ROOT;
		};
		DDA76F8D2B65AEE4000EDFC0 /* Model */ = {
			isa = PBXGroup;
			children = (
				DDA76F892B65ADA0000EDFC0 /* WeightData.swift */,
				DD0073D72B79342B00986697 /* ChartData.swift */,
			);
			name = Model;
			path = WeightTracker/Model;
			sourceTree = SOURCE_ROOT;
		};
		DDA76F912B65AFA8000EDFC0 /* MainScreen */ = {
			isa = PBXGroup;
			children = (
				DDA76F612B657F65000EDFC0 /* ContentView.swift */,
				DDA76F942B65B20B000EDFC0 /* ChartView.swift */,
				DD9595D42B6E473C00823659 /* LastThreeMonthsChartView.swift */,
				DD9595D82B6E4E8200823659 /* CustomDurationChartView.swift */,
				DDE3110D2B6EC0F000880460 /* DurationDialogView.swift */,
				DDA76F982B66DA1C000EDFC0 /* GoalWeightView.swift */,
				DDA76F8E2B65AF14000EDFC0 /* WeightDataHandler.swift */,
				DDA76F962B66BE45000EDFC0 /* DateFormatterHandler.swift */,
				DD2206BB2B800397002FD181 /* HealthManager.swift */,
				DD2206BE2B8103D4002FD181 /* LoadingView.swift */,
				DD2206C22B814AA8002FD181 /* Extensions.swift */,
			);
			name = MainScreen;
			path = WeightTracker/View/MainScreen;
			sourceTree = SOURCE_ROOT;
		};
/* End PBXGroup section */

/* Begin PBXNativeTarget section */
		DD2206AF2B7FFD45002FD181 /* WeightTracker_Tests */ = {
			isa = PBXNativeTarget;
			buildConfigurationList = DD2206B62B7FFD45002FD181 /* Build configuration list for PBXNativeTarget "WeightTracker_Tests" */;
			buildPhases = (
				DD2206AC2B7FFD45002FD181 /* Sources */,
				DD2206AD2B7FFD45002FD181 /* Frameworks */,
				DD2206AE2B7FFD45002FD181 /* Resources */,
			);
			buildRules = (
			);
			dependencies = (
				DD2206B52B7FFD45002FD181 /* PBXTargetDependency */,
			);
			name = WeightTracker_Tests;
			productName = WeightTracker_Tests;
			productReference = DD2206B02B7FFD45002FD181 /* WeightTracker_Tests.xctest */;
			productType = "com.apple.product-type.bundle.unit-test";
		};
		DD2206C72B814D23002FD181 /* WeightTracker_UITests */ = {
			isa = PBXNativeTarget;
			buildConfigurationList = DD2206D02B814D23002FD181 /* Build configuration list for PBXNativeTarget "WeightTracker_UITests" */;
			buildPhases = (
				DD2206C42B814D23002FD181 /* Sources */,
				DD2206C52B814D23002FD181 /* Frameworks */,
				DD2206C62B814D23002FD181 /* Resources */,
			);
			buildRules = (
			);
			dependencies = (
				DD2206CF2B814D23002FD181 /* PBXTargetDependency */,
			);
			name = WeightTracker_UITests;
			productName = WeightTracker_UITests;
			productReference = DD2206C82B814D23002FD181 /* WeightTracker_UITests.xctest */;
			productType = "com.apple.product-type.bundle.ui-testing";
		};
		DDA76F5B2B657F65000EDFC0 /* WeightTracker */ = {
			isa = PBXNativeTarget;
			buildConfigurationList = DDA76F802B657F67000EDFC0 /* Build configuration list for PBXNativeTarget "WeightTracker" */;
			buildPhases = (
				DDA76F582B657F65000EDFC0 /* Sources */,
				DDA76F592B657F65000EDFC0 /* Frameworks */,
				DDA76F5A2B657F65000EDFC0 /* Resources */,
			);
			buildRules = (
			);
			dependencies = (
			);
			name = WeightTracker;
			productName = WeightTracker;
			productReference = DDA76F5C2B657F65000EDFC0 /* WeightTracker.app */;
			productType = "com.apple.product-type.application";
		};
/* End PBXNativeTarget section */

/* Begin PBXProject section */
		DDA76F542B657F65000EDFC0 /* Project object */ = {
			isa = PBXProject;
			attributes = {
				BuildIndependentTargetsInParallel = 1;
				LastSwiftUpdateCheck = 1520;
				LastUpgradeCheck = 1520;
				TargetAttributes = {
					DD2206AF2B7FFD45002FD181 = {
						CreatedOnToolsVersion = 15.2;
						TestTargetID = DDA76F5B2B657F65000EDFC0;
					};
					DD2206C72B814D23002FD181 = {
						CreatedOnToolsVersion = 15.2;
						TestTargetID = DDA76F5B2B657F65000EDFC0;
					};
					DDA76F5B2B657F65000EDFC0 = {
						CreatedOnToolsVersion = 14.3.1;
					};
				};
			};
			buildConfigurationList = DDA76F572B657F65000EDFC0 /* Build configuration list for PBXProject "WeightTracker" */;
			compatibilityVersion = "Xcode 14.0";
			developmentRegion = en;
			hasScannedForEncodings = 0;
			knownRegions = (
				en,
				Base,
			);
			mainGroup = DDA76F532B657F65000EDFC0;
			productRefGroup = DDA76F5D2B657F65000EDFC0 /* Products */;
			projectDirPath = "";
			projectRoot = "";
			targets = (
				DDA76F5B2B657F65000EDFC0 /* WeightTracker */,
				DD2206AF2B7FFD45002FD181 /* WeightTracker_Tests */,
				DD2206C72B814D23002FD181 /* WeightTracker_UITests */,
			);
		};
/* End PBXProject section */

/* Begin PBXResourcesBuildPhase section */
		DD2206AE2B7FFD45002FD181 /* Resources */ = {
			isa = PBXResourcesBuildPhase;
			buildActionMask = 2147483647;
			files = (
			);
			runOnlyForDeploymentPostprocessing = 0;
		};
		DD2206C62B814D23002FD181 /* Resources */ = {
			isa = PBXResourcesBuildPhase;
			buildActionMask = 2147483647;
			files = (
			);
			runOnlyForDeploymentPostprocessing = 0;
		};
		DDA76F5A2B657F65000EDFC0 /* Resources */ = {
			isa = PBXResourcesBuildPhase;
			buildActionMask = 2147483647;
			files = (
				DDA76F672B657F67000EDFC0 /* Preview Assets.xcassets in Resources */,
				DDA76F642B657F67000EDFC0 /* Assets.xcassets in Resources */,
			);
			runOnlyForDeploymentPostprocessing = 0;
		};
/* End PBXResourcesBuildPhase section */

/* Begin PBXSourcesBuildPhase section */
		DD2206AC2B7FFD45002FD181 /* Sources */ = {
			isa = PBXSourcesBuildPhase;
			buildActionMask = 2147483647;
			files = (
				DD2206BA2B7FFDFF002FD181 /* WeightDataHandler_Tests.swift in Sources */,
				DD2206C12B8116C2002FD181 /* HealthManager_Tests.swift in Sources */,
				DD2206B32B7FFD45002FD181 /* WeightTracker_Tests.swift in Sources */,
			);
			runOnlyForDeploymentPostprocessing = 0;
		};
		DD2206C42B814D23002FD181 /* Sources */ = {
			isa = PBXSourcesBuildPhase;
			buildActionMask = 2147483647;
			files = (
				DD2206D62B814DF8002FD181 /* ContentView_UITests.swift in Sources */,
				DD2206D82B8155C0002FD181 /* CustomDurationChart_UITests.swift in Sources */,
				DD2206DA2B822E67002FD181 /* ChartView_UITests.swift in Sources */,
				DD2206CB2B814D23002FD181 /* WeightTracker_UITests.swift in Sources */,
				DD2206CD2B814D23002FD181 /* WeightTracker_UITestsLaunchTests.swift in Sources */,
			);
			runOnlyForDeploymentPostprocessing = 0;
		};
		DDA76F582B657F65000EDFC0 /* Sources */ = {
			isa = PBXSourcesBuildPhase;
			buildActionMask = 2147483647;
			files = (
				DDE3110E2B6EC0F000880460 /* DurationDialogView.swift in Sources */,
				DDA76F972B66BE45000EDFC0 /* DateFormatterHandler.swift in Sources */,
				DDA76F992B66DA1C000EDFC0 /* GoalWeightView.swift in Sources */,
				DDA76F8A2B65ADA0000EDFC0 /* WeightData.swift in Sources */,
				DD9595D52B6E473C00823659 /* LastThreeMonthsChartView.swift in Sources */,
				DDA76F622B657F65000EDFC0 /* ContentView.swift in Sources */,
				DDA76F8F2B65AF14000EDFC0 /* WeightDataHandler.swift in Sources */,
				DD2206BC2B800397002FD181 /* HealthManager.swift in Sources */,
				DD9595D92B6E4E8200823659 /* CustomDurationChartView.swift in Sources */,
				DDA76F952B65B20B000EDFC0 /* ChartView.swift in Sources */,
				DD0073D82B79342B00986697 /* ChartData.swift in Sources */,
				DD2206BF2B8103D4002FD181 /* LoadingView.swift in Sources */,
				DDA76F602B657F65000EDFC0 /* WeightTrackerApp.swift in Sources */,
				DD2206C32B814AA8002FD181 /* Extensions.swift in Sources */,
			);
			runOnlyForDeploymentPostprocessing = 0;
		};
/* End PBXSourcesBuildPhase section */

/* Begin PBXTargetDependency section */
		DD2206B52B7FFD45002FD181 /* PBXTargetDependency */ = {
			isa = PBXTargetDependency;
			target = DDA76F5B2B657F65000EDFC0 /* WeightTracker */;
			targetProxy = DD2206B42B7FFD45002FD181 /* PBXContainerItemProxy */;
		};
		DD2206CF2B814D23002FD181 /* PBXTargetDependency */ = {
			isa = PBXTargetDependency;
			target = DDA76F5B2B657F65000EDFC0 /* WeightTracker */;
			targetProxy = DD2206CE2B814D23002FD181 /* PBXContainerItemProxy */;
		};
/* End PBXTargetDependency section */

/* Begin XCBuildConfiguration section */
		DD2206B72B7FFD45002FD181 /* Debug */ = {
			isa = XCBuildConfiguration;
			buildSettings = {
				ASSETCATALOG_COMPILER_GENERATE_SWIFT_ASSET_SYMBOL_EXTENSIONS = YES;
				BUNDLE_LOADER = "$(TEST_HOST)";
				CODE_SIGN_STYLE = Automatic;
				CURRENT_PROJECT_VERSION = 1;
				DEVELOPMENT_TEAM = X55V6FTF2T;
				GCC_C_LANGUAGE_STANDARD = gnu17;
				GENERATE_INFOPLIST_FILE = YES;
				IPHONEOS_DEPLOYMENT_TARGET = 17.2;
				LOCALIZATION_PREFERS_STRING_CATALOGS = YES;
				MARKETING_VERSION = 1.0;
				PRODUCT_BUNDLE_IDENTIFIER = "com.eviseek.WeightTracker-Tests";
				PRODUCT_NAME = "$(TARGET_NAME)";
				SWIFT_ACTIVE_COMPILATION_CONDITIONS = "DEBUG $(inherited)";
				SWIFT_EMIT_LOC_STRINGS = NO;
				SWIFT_VERSION = 5.0;
				TARGETED_DEVICE_FAMILY = "1,2";
				TEST_HOST = "$(BUILT_PRODUCTS_DIR)/WeightTracker.app/$(BUNDLE_EXECUTABLE_FOLDER_PATH)/WeightTracker";
			};
			name = Debug;
		};
		DD2206B82B7FFD45002FD181 /* Release */ = {
			isa = XCBuildConfiguration;
			buildSettings = {
				ASSETCATALOG_COMPILER_GENERATE_SWIFT_ASSET_SYMBOL_EXTENSIONS = YES;
				BUNDLE_LOADER = "$(TEST_HOST)";
				CODE_SIGN_STYLE = Automatic;
				CURRENT_PROJECT_VERSION = 1;
				DEVELOPMENT_TEAM = X55V6FTF2T;
				GCC_C_LANGUAGE_STANDARD = gnu17;
				GENERATE_INFOPLIST_FILE = YES;
				IPHONEOS_DEPLOYMENT_TARGET = 17.2;
				LOCALIZATION_PREFERS_STRING_CATALOGS = YES;
				MARKETING_VERSION = 1.0;
				PRODUCT_BUNDLE_IDENTIFIER = "com.eviseek.WeightTracker-Tests";
				PRODUCT_NAME = "$(TARGET_NAME)";
				SWIFT_EMIT_LOC_STRINGS = NO;
				SWIFT_VERSION = 5.0;
				TARGETED_DEVICE_FAMILY = "1,2";
				TEST_HOST = "$(BUILT_PRODUCTS_DIR)/WeightTracker.app/$(BUNDLE_EXECUTABLE_FOLDER_PATH)/WeightTracker";
			};
			name = Release;
		};
		DD2206D12B814D23002FD181 /* Debug */ = {
			isa = XCBuildConfiguration;
			buildSettings = {
				ASSETCATALOG_COMPILER_GENERATE_SWIFT_ASSET_SYMBOL_EXTENSIONS = YES;
				CODE_SIGN_STYLE = Automatic;
				CURRENT_PROJECT_VERSION = 1;
				DEVELOPMENT_TEAM = X55V6FTF2T;
				GCC_C_LANGUAGE_STANDARD = gnu17;
				GENERATE_INFOPLIST_FILE = YES;
				IPHONEOS_DEPLOYMENT_TARGET = 17.2;
				LOCALIZATION_PREFERS_STRING_CATALOGS = YES;
				MARKETING_VERSION = 1.0;
				PRODUCT_BUNDLE_IDENTIFIER = "com.eviseek.WeightTracker-UITests";
				PRODUCT_NAME = "$(TARGET_NAME)";
				SWIFT_ACTIVE_COMPILATION_CONDITIONS = "DEBUG $(inherited)";
				SWIFT_EMIT_LOC_STRINGS = NO;
				SWIFT_VERSION = 5.0;
				TARGETED_DEVICE_FAMILY = "1,2";
				TEST_TARGET_NAME = WeightTracker;
			};
			name = Debug;
		};
		DD2206D22B814D23002FD181 /* Release */ = {
			isa = XCBuildConfiguration;
			buildSettings = {
				ASSETCATALOG_COMPILER_GENERATE_SWIFT_ASSET_SYMBOL_EXTENSIONS = YES;
				CODE_SIGN_STYLE = Automatic;
				CURRENT_PROJECT_VERSION = 1;
				DEVELOPMENT_TEAM = X55V6FTF2T;
				GCC_C_LANGUAGE_STANDARD = gnu17;
				GENERATE_INFOPLIST_FILE = YES;
				IPHONEOS_DEPLOYMENT_TARGET = 17.2;
				LOCALIZATION_PREFERS_STRING_CATALOGS = YES;
				MARKETING_VERSION = 1.0;
				PRODUCT_BUNDLE_IDENTIFIER = "com.eviseek.WeightTracker-UITests";
				PRODUCT_NAME = "$(TARGET_NAME)";
				SWIFT_EMIT_LOC_STRINGS = NO;
				SWIFT_VERSION = 5.0;
				TARGETED_DEVICE_FAMILY = "1,2";
				TEST_TARGET_NAME = WeightTracker;
			};
			name = Release;
		};
		DDA76F7E2B657F67000EDFC0 /* Debug */ = {
			isa = XCBuildConfiguration;
			buildSettings = {
				ALWAYS_SEARCH_USER_PATHS = NO;
				CLANG_ANALYZER_NONNULL = YES;
				CLANG_ANALYZER_NUMBER_OBJECT_CONVERSION = YES_AGGRESSIVE;
				CLANG_CXX_LANGUAGE_STANDARD = "gnu++20";
				CLANG_ENABLE_MODULES = YES;
				CLANG_ENABLE_OBJC_ARC = YES;
				CLANG_ENABLE_OBJC_WEAK = YES;
				CLANG_WARN_BLOCK_CAPTURE_AUTORELEASING = YES;
				CLANG_WARN_BOOL_CONVERSION = YES;
				CLANG_WARN_COMMA = YES;
				CLANG_WARN_CONSTANT_CONVERSION = YES;
				CLANG_WARN_DEPRECATED_OBJC_IMPLEMENTATIONS = YES;
				CLANG_WARN_DIRECT_OBJC_ISA_USAGE = YES_ERROR;
				CLANG_WARN_DOCUMENTATION_COMMENTS = YES;
				CLANG_WARN_EMPTY_BODY = YES;
				CLANG_WARN_ENUM_CONVERSION = YES;
				CLANG_WARN_INFINITE_RECURSION = YES;
				CLANG_WARN_INT_CONVERSION = YES;
				CLANG_WARN_NON_LITERAL_NULL_CONVERSION = YES;
				CLANG_WARN_OBJC_IMPLICIT_RETAIN_SELF = YES;
				CLANG_WARN_OBJC_LITERAL_CONVERSION = YES;
				CLANG_WARN_OBJC_ROOT_CLASS = YES_ERROR;
				CLANG_WARN_QUOTED_INCLUDE_IN_FRAMEWORK_HEADER = YES;
				CLANG_WARN_RANGE_LOOP_ANALYSIS = YES;
				CLANG_WARN_STRICT_PROTOTYPES = YES;
				CLANG_WARN_SUSPICIOUS_MOVE = YES;
				CLANG_WARN_UNGUARDED_AVAILABILITY = YES_AGGRESSIVE;
				CLANG_WARN_UNREACHABLE_CODE = YES;
				CLANG_WARN__DUPLICATE_METHOD_MATCH = YES;
				COPY_PHASE_STRIP = NO;
				DEBUG_INFORMATION_FORMAT = dwarf;
				ENABLE_STRICT_OBJC_MSGSEND = YES;
				ENABLE_TESTABILITY = YES;
				ENABLE_USER_SCRIPT_SANDBOXING = YES;
				GCC_C_LANGUAGE_STANDARD = gnu11;
				GCC_DYNAMIC_NO_PIC = NO;
				GCC_NO_COMMON_BLOCKS = YES;
				GCC_OPTIMIZATION_LEVEL = 0;
				GCC_PREPROCESSOR_DEFINITIONS = (
					"DEBUG=1",
					"$(inherited)",
				);
				GCC_WARN_64_TO_32_BIT_CONVERSION = YES;
				GCC_WARN_ABOUT_RETURN_TYPE = YES_ERROR;
				GCC_WARN_UNDECLARED_SELECTOR = YES;
				GCC_WARN_UNINITIALIZED_AUTOS = YES_AGGRESSIVE;
				GCC_WARN_UNUSED_FUNCTION = YES;
				GCC_WARN_UNUSED_VARIABLE = YES;
				IPHONEOS_DEPLOYMENT_TARGET = 17.0;
				MTL_ENABLE_DEBUG_INFO = INCLUDE_SOURCE;
				MTL_FAST_MATH = YES;
				ONLY_ACTIVE_ARCH = YES;
				SDKROOT = iphoneos;
				SWIFT_ACTIVE_COMPILATION_CONDITIONS = DEBUG;
				SWIFT_OPTIMIZATION_LEVEL = "-Onone";
			};
			name = Debug;
		};
		DDA76F7F2B657F67000EDFC0 /* Release */ = {
			isa = XCBuildConfiguration;
			buildSettings = {
				ALWAYS_SEARCH_USER_PATHS = NO;
				CLANG_ANALYZER_NONNULL = YES;
				CLANG_ANALYZER_NUMBER_OBJECT_CONVERSION = YES_AGGRESSIVE;
				CLANG_CXX_LANGUAGE_STANDARD = "gnu++20";
				CLANG_ENABLE_MODULES = YES;
				CLANG_ENABLE_OBJC_ARC = YES;
				CLANG_ENABLE_OBJC_WEAK = YES;
				CLANG_WARN_BLOCK_CAPTURE_AUTORELEASING = YES;
				CLANG_WARN_BOOL_CONVERSION = YES;
				CLANG_WARN_COMMA = YES;
				CLANG_WARN_CONSTANT_CONVERSION = YES;
				CLANG_WARN_DEPRECATED_OBJC_IMPLEMENTATIONS = YES;
				CLANG_WARN_DIRECT_OBJC_ISA_USAGE = YES_ERROR;
				CLANG_WARN_DOCUMENTATION_COMMENTS = YES;
				CLANG_WARN_EMPTY_BODY = YES;
				CLANG_WARN_ENUM_CONVERSION = YES;
				CLANG_WARN_INFINITE_RECURSION = YES;
				CLANG_WARN_INT_CONVERSION = YES;
				CLANG_WARN_NON_LITERAL_NULL_CONVERSION = YES;
				CLANG_WARN_OBJC_IMPLICIT_RETAIN_SELF = YES;
				CLANG_WARN_OBJC_LITERAL_CONVERSION = YES;
				CLANG_WARN_OBJC_ROOT_CLASS = YES_ERROR;
				CLANG_WARN_QUOTED_INCLUDE_IN_FRAMEWORK_HEADER = YES;
				CLANG_WARN_RANGE_LOOP_ANALYSIS = YES;
				CLANG_WARN_STRICT_PROTOTYPES = YES;
				CLANG_WARN_SUSPICIOUS_MOVE = YES;
				CLANG_WARN_UNGUARDED_AVAILABILITY = YES_AGGRESSIVE;
				CLANG_WARN_UNREACHABLE_CODE = YES;
				CLANG_WARN__DUPLICATE_METHOD_MATCH = YES;
				COPY_PHASE_STRIP = NO;
				DEBUG_INFORMATION_FORMAT = "dwarf-with-dsym";
				ENABLE_NS_ASSERTIONS = NO;
				ENABLE_STRICT_OBJC_MSGSEND = YES;
				ENABLE_USER_SCRIPT_SANDBOXING = YES;
				GCC_C_LANGUAGE_STANDARD = gnu11;
				GCC_NO_COMMON_BLOCKS = YES;
				GCC_WARN_64_TO_32_BIT_CONVERSION = YES;
				GCC_WARN_ABOUT_RETURN_TYPE = YES_ERROR;
				GCC_WARN_UNDECLARED_SELECTOR = YES;
				GCC_WARN_UNINITIALIZED_AUTOS = YES_AGGRESSIVE;
				GCC_WARN_UNUSED_FUNCTION = YES;
				GCC_WARN_UNUSED_VARIABLE = YES;
				IPHONEOS_DEPLOYMENT_TARGET = 17.0;
				MTL_ENABLE_DEBUG_INFO = NO;
				MTL_FAST_MATH = YES;
				SDKROOT = iphoneos;
				SWIFT_COMPILATION_MODE = wholemodule;
				SWIFT_OPTIMIZATION_LEVEL = "-O";
				VALIDATE_PRODUCT = YES;
			};
			name = Release;
		};
		DDA76F812B657F67000EDFC0 /* Debug */ = {
			isa = XCBuildConfiguration;
			buildSettings = {
				ASSETCATALOG_COMPILER_APPICON_NAME = AppIcon;
				ASSETCATALOG_COMPILER_GLOBAL_ACCENT_COLOR_NAME = AccentColor;
				CODE_SIGN_ENTITLEMENTS = WeightTracker/WeightTracker.entitlements;
				CODE_SIGN_STYLE = Automatic;
				CURRENT_PROJECT_VERSION = 1;
				DEVELOPMENT_ASSET_PATHS = "";
				DEVELOPMENT_TEAM = X55V6FTF2T;
				ENABLE_PREVIEWS = YES;
				GENERATE_INFOPLIST_FILE = YES;
				INFOPLIST_KEY_NSHealthUpdateUsageDescription = "Please allow us to synchronize the weight with the Health app.";
				INFOPLIST_KEY_UIApplicationSceneManifest_Generation = YES;
				INFOPLIST_KEY_UIApplicationSupportsIndirectInputEvents = YES;
				INFOPLIST_KEY_UILaunchScreen_Generation = YES;
				INFOPLIST_KEY_UISupportedInterfaceOrientations = UIInterfaceOrientationPortrait;
				LD_RUNPATH_SEARCH_PATHS = (
					"$(inherited)",
					"@executable_path/Frameworks",
				);
				MARKETING_VERSION = 1.0;
				PRODUCT_BUNDLE_IDENTIFIER = com.eviseek.WeightTracker;
				PRODUCT_NAME = "$(TARGET_NAME)";
				SWIFT_EMIT_LOC_STRINGS = YES;
				SWIFT_VERSION = 5.0;
				TARGETED_DEVICE_FAMILY = "1,2";
			};
			name = Debug;
		};
		DDA76F822B657F67000EDFC0 /* Release */ = {
			isa = XCBuildConfiguration;
			buildSettings = {
				ASSETCATALOG_COMPILER_APPICON_NAME = AppIcon;
				ASSETCATALOG_COMPILER_GLOBAL_ACCENT_COLOR_NAME = AccentColor;
				CODE_SIGN_ENTITLEMENTS = WeightTracker/WeightTracker.entitlements;
				CODE_SIGN_STYLE = Automatic;
				CURRENT_PROJECT_VERSION = 1;
				DEVELOPMENT_ASSET_PATHS = "";
				DEVELOPMENT_TEAM = X55V6FTF2T;
				ENABLE_PREVIEWS = YES;
				GENERATE_INFOPLIST_FILE = YES;
				INFOPLIST_KEY_NSHealthUpdateUsageDescription = "Please allow us to synchronize the weight with the Health app.";
				INFOPLIST_KEY_UIApplicationSceneManifest_Generation = YES;
				INFOPLIST_KEY_UIApplicationSupportsIndirectInputEvents = YES;
				INFOPLIST_KEY_UILaunchScreen_Generation = YES;
				INFOPLIST_KEY_UISupportedInterfaceOrientations = UIInterfaceOrientationPortrait;
				LD_RUNPATH_SEARCH_PATHS = (
					"$(inherited)",
					"@executable_path/Frameworks",
				);
				MARKETING_VERSION = 1.0;
				PRODUCT_BUNDLE_IDENTIFIER = com.eviseek.WeightTracker;
				PRODUCT_NAME = "$(TARGET_NAME)";
				SWIFT_EMIT_LOC_STRINGS = YES;
				SWIFT_VERSION = 5.0;
				TARGETED_DEVICE_FAMILY = "1,2";
			};
			name = Release;
		};
/* End XCBuildConfiguration section */

/* Begin XCConfigurationList section */
		DD2206B62B7FFD45002FD181 /* Build configuration list for PBXNativeTarget "WeightTracker_Tests" */ = {
			isa = XCConfigurationList;
			buildConfigurations = (
				DD2206B72B7FFD45002FD181 /* Debug */,
				DD2206B82B7FFD45002FD181 /* Release */,
			);
			defaultConfigurationIsVisible = 0;
			defaultConfigurationName = Release;
		};
		DD2206D02B814D23002FD181 /* Build configuration list for PBXNativeTarget "WeightTracker_UITests" */ = {
			isa = XCConfigurationList;
			buildConfigurations = (
				DD2206D12B814D23002FD181 /* Debug */,
				DD2206D22B814D23002FD181 /* Release */,
			);
			defaultConfigurationIsVisible = 0;
			defaultConfigurationName = Release;
		};
		DDA76F572B657F65000EDFC0 /* Build configuration list for PBXProject "WeightTracker" */ = {
			isa = XCConfigurationList;
			buildConfigurations = (
				DDA76F7E2B657F67000EDFC0 /* Debug */,
				DDA76F7F2B657F67000EDFC0 /* Release */,
			);
			defaultConfigurationIsVisible = 0;
			defaultConfigurationName = Release;
		};
		DDA76F802B657F67000EDFC0 /* Build configuration list for PBXNativeTarget "WeightTracker" */ = {
			isa = XCConfigurationList;
			buildConfigurations = (
				DDA76F812B657F67000EDFC0 /* Debug */,
				DDA76F822B657F67000EDFC0 /* Release */,
			);
			defaultConfigurationIsVisible = 0;
			defaultConfigurationName = Release;
		};
/* End XCConfigurationList section */
	};
	rootObject = DDA76F542B657F65000EDFC0 /* Project object */;
}
